<?xml version="1.0" encoding="UTF-8"?>
<CodeBlocks_project_file>
	<FileVersion major="1" minor="6"/>
	<Project>
		<Option title="worker"/>
		<Option makefile_is_custom="1"/>
		<Option compiler="clang"/>
		<Option virtualFolders="CMake Files\;"/>
		<Build>
			<Target title="all">
				<Option working_dir="/home/machen/git/cpp_vk_bot/cpp_vk_lib/build-bot-Desktop-Debug"/>
				<Option type="4"/>
				<MakeCommands>
					<Build command="/usr/bin/make -j8 -f &quot;/home/machen/git/cpp_vk_bot/cpp_vk_lib/build-bot-Desktop-Debug/Makefile&quot;  VERBOSE=1 all"/>
					<CompileFile command="/usr/bin/make -j8 -f &quot;/home/machen/git/cpp_vk_bot/cpp_vk_lib/build-bot-Desktop-Debug/Makefile&quot;  VERBOSE=1 &quot;$file&quot;"/>
					<Clean command="/usr/bin/make -j8 -f &quot;/home/machen/git/cpp_vk_bot/cpp_vk_lib/build-bot-Desktop-Debug/Makefile&quot;  VERBOSE=1 clean"/>
					<DistClean command="/usr/bin/make -j8 -f &quot;/home/machen/git/cpp_vk_bot/cpp_vk_lib/build-bot-Desktop-Debug/Makefile&quot;  VERBOSE=1 clean"/>
				</MakeCommands>
			</Target>
			<Target title="rebuild_cache">
				<Option working_dir="/home/machen/git/cpp_vk_bot/cpp_vk_lib/build-bot-Desktop-Debug"/>
				<Option type="4"/>
				<MakeCommands>
					<Build command="/usr/bin/make -j8 -f &quot;/home/machen/git/cpp_vk_bot/cpp_vk_lib/build-bot-Desktop-Debug/Makefile&quot;  VERBOSE=1 rebuild_cache"/>
					<CompileFile command="/usr/bin/make -j8 -f &quot;/home/machen/git/cpp_vk_bot/cpp_vk_lib/build-bot-Desktop-Debug/Makefile&quot;  VERBOSE=1 &quot;$file&quot;"/>
					<Clean command="/usr/bin/make -j8 -f &quot;/home/machen/git/cpp_vk_bot/cpp_vk_lib/build-bot-Desktop-Debug/Makefile&quot;  VERBOSE=1 clean"/>
					<DistClean command="/usr/bin/make -j8 -f &quot;/home/machen/git/cpp_vk_bot/cpp_vk_lib/build-bot-Desktop-Debug/Makefile&quot;  VERBOSE=1 clean"/>
				</MakeCommands>
			</Target>
			<Target title="edit_cache">
				<Option working_dir="/home/machen/git/cpp_vk_bot/cpp_vk_lib/build-bot-Desktop-Debug"/>
				<Option type="4"/>
				<MakeCommands>
					<Build command="/usr/bin/make -j8 -f &quot;/home/machen/git/cpp_vk_bot/cpp_vk_lib/build-bot-Desktop-Debug/Makefile&quot;  VERBOSE=1 edit_cache"/>
					<CompileFile command="/usr/bin/make -j8 -f &quot;/home/machen/git/cpp_vk_bot/cpp_vk_lib/build-bot-Desktop-Debug/Makefile&quot;  VERBOSE=1 &quot;$file&quot;"/>
					<Clean command="/usr/bin/make -j8 -f &quot;/home/machen/git/cpp_vk_bot/cpp_vk_lib/build-bot-Desktop-Debug/Makefile&quot;  VERBOSE=1 clean"/>
					<DistClean command="/usr/bin/make -j8 -f &quot;/home/machen/git/cpp_vk_bot/cpp_vk_lib/build-bot-Desktop-Debug/Makefile&quot;  VERBOSE=1 clean"/>
				</MakeCommands>
			</Target>
			<Target title="worker">
				<Option output="/home/machen/git/cpp_vk_bot/cpp_vk_lib/build-bot-Desktop-Debug/worker" prefix_auto="0" extension_auto="0"/>
				<Option working_dir="/home/machen/git/cpp_vk_bot/cpp_vk_lib/build-bot-Desktop-Debug"/>
				<Option object_output="./"/>
				<Option type="1"/>
				<Option compiler="clang"/>
				<Compiler>
					<Add directory="/home/machen/git/cpp_vk_bot/cpp_vk_lib/build-bot-Desktop-Debug"/>
					<Add directory="/home/machen/git/cpp_vk_bot/cpp_vk_lib/bot"/>
					<Add directory="/home/machen/git/cpp_vk_bot/cpp_vk_lib/bot/.."/>
					<Add directory="/usr/bin/../lib64/gcc/x86_64-pc-linux-gnu/10.2.0/../../../../include/c++/10.2.0"/>
					<Add directory="/usr/bin/../lib64/gcc/x86_64-pc-linux-gnu/10.2.0/../../../../include/c++/10.2.0/x86_64-pc-linux-gnu"/>
					<Add directory="/usr/bin/../lib64/gcc/x86_64-pc-linux-gnu/10.2.0/../../../../include/c++/10.2.0/backward"/>
					<Add directory="/usr/local/include"/>
					<Add directory="/usr/lib/clang/11.0.1/include"/>
					<Add directory="/usr/include"/>
				</Compiler>
				<MakeCommands>
					<Build command="/usr/bin/make -j8 -f &quot;/home/machen/git/cpp_vk_bot/cpp_vk_lib/build-bot-Desktop-Debug/Makefile&quot;  VERBOSE=1 worker"/>
					<CompileFile command="/usr/bin/make -j8 -f &quot;/home/machen/git/cpp_vk_bot/cpp_vk_lib/build-bot-Desktop-Debug/Makefile&quot;  VERBOSE=1 &quot;$file&quot;"/>
					<Clean command="/usr/bin/make -j8 -f &quot;/home/machen/git/cpp_vk_bot/cpp_vk_lib/build-bot-Desktop-Debug/Makefile&quot;  VERBOSE=1 clean"/>
					<DistClean command="/usr/bin/make -j8 -f &quot;/home/machen/git/cpp_vk_bot/cpp_vk_lib/build-bot-Desktop-Debug/Makefile&quot;  VERBOSE=1 clean"/>
				</MakeCommands>
			</Target>
			<Target title="worker/fast">
				<Option output="/home/machen/git/cpp_vk_bot/cpp_vk_lib/build-bot-Desktop-Debug/worker" prefix_auto="0" extension_auto="0"/>
				<Option working_dir="/home/machen/git/cpp_vk_bot/cpp_vk_lib/build-bot-Desktop-Debug"/>
				<Option object_output="./"/>
				<Option type="1"/>
				<Option compiler="clang"/>
				<Compiler>
					<Add directory="/home/machen/git/cpp_vk_bot/cpp_vk_lib/build-bot-Desktop-Debug"/>
					<Add directory="/home/machen/git/cpp_vk_bot/cpp_vk_lib/bot"/>
					<Add directory="/home/machen/git/cpp_vk_bot/cpp_vk_lib/bot/.."/>
					<Add directory="/usr/bin/../lib64/gcc/x86_64-pc-linux-gnu/10.2.0/../../../../include/c++/10.2.0"/>
					<Add directory="/usr/bin/../lib64/gcc/x86_64-pc-linux-gnu/10.2.0/../../../../include/c++/10.2.0/x86_64-pc-linux-gnu"/>
					<Add directory="/usr/bin/../lib64/gcc/x86_64-pc-linux-gnu/10.2.0/../../../../include/c++/10.2.0/backward"/>
					<Add directory="/usr/local/include"/>
					<Add directory="/usr/lib/clang/11.0.1/include"/>
					<Add directory="/usr/include"/>
				</Compiler>
				<MakeCommands>
					<Build command="/usr/bin/make -j8 -f &quot;/home/machen/git/cpp_vk_bot/cpp_vk_lib/build-bot-Desktop-Debug/Makefile&quot;  VERBOSE=1 worker/fast"/>
					<CompileFile command="/usr/bin/make -j8 -f &quot;/home/machen/git/cpp_vk_bot/cpp_vk_lib/build-bot-Desktop-Debug/Makefile&quot;  VERBOSE=1 &quot;$file&quot;"/>
					<Clean command="/usr/bin/make -j8 -f &quot;/home/machen/git/cpp_vk_bot/cpp_vk_lib/build-bot-Desktop-Debug/Makefile&quot;  VERBOSE=1 clean"/>
					<DistClean command="/usr/bin/make -j8 -f &quot;/home/machen/git/cpp_vk_bot/cpp_vk_lib/build-bot-Desktop-Debug/Makefile&quot;  VERBOSE=1 clean"/>
				</MakeCommands>
			</Target>
		</Build>
		<Unit filename="/home/machen/git/cpp_vk_bot/cpp_vk_lib/bot/main.cpp">
			<Option target="worker"/>
		</Unit>
		<Unit filename="/home/machen/git/cpp_vk_bot/cpp_vk_lib/bot/CMakeLists.txt">
			<Option virtualFolder="CMake Files\"/>
		</Unit>
	</Project>
</CodeBlocks_project_file>
